<Solution>
  <Project Path="D:/Ki8/Exe201/BE/ChemXLab_BE/Application/Application.csproj" />
  <Project Path="D:/Ki8/Exe201/BE/ChemXLab_BE/ChemXLabWebAPI/ChemXLabWebAPI.csproj" />
  <Project Path="D:/Ki8/Exe201/BE/ChemXLab_BE/Domain/Domain.csproj" />
  <Project Path="D:/Ki8/Exe201/BE/ChemXLab_BE/Infrastructure/Infrastructure.csproj" />
</Solution>
